// !$*UTF8*$!
{
	archiveVersion = 1;
	classes = {
	};
	objectVersion = 46;
	objects = {

/* Begin PBXBuildFile section */
		1C37677E19FF86F40088C110 /* MTTWRegionTableViewCell.m in Sources */ = {isa = PBXBuildFile; fileRef = 1C37677C19FF86F40088C110 /* MTTWRegionTableViewCell.m */; };
		1C37678319FF890C0088C110 /* MTTWForecastTableViewCell.xib in Resources */ = {isa = PBXBuildFile; fileRef = 1C37678119FF890C0088C110 /* MTTWForecastTableViewCell.xib */; };
		1C37678419FF890C0088C110 /* MTTWRegionTableViewCell.xib in Resources */ = {isa = PBXBuildFile; fileRef = 1C37678219FF890C0088C110 /* MTTWRegionTableViewCell.xib */; };
		1C37678719FF89490088C110 /* MTTWRegionListViewController.xib in Resources */ = {isa = PBXBuildFile; fileRef = 1C37678619FF89490088C110 /* MTTWRegionListViewController.xib */; };
		1C37678B19FF8CDD0088C110 /* MTTWIconImageView.m in Sources */ = {isa = PBXBuildFile; fileRef = 1C37678A19FF8CDD0088C110 /* MTTWIconImageView.m */; };
		1C37678F19FF97640088C110 /* MTTWRegionHeaderTableViewCell.m in Sources */ = {isa = PBXBuildFile; fileRef = 1C37678D19FF97640088C110 /* MTTWRegionHeaderTableViewCell.m */; };
		1C37679219FF97F50088C110 /* MTTWRegionHeaderTableViewCell.xib in Resources */ = {isa = PBXBuildFile; fileRef = 1C37679119FF97F50088C110 /* MTTWRegionHeaderTableViewCell.xib */; };
		1C37679519FF9BA90088C110 /* Autumn1.jpg in Resources */ = {isa = PBXBuildFile; fileRef = 1C37679419FF9BA90088C110 /* Autumn1.jpg */; };
		1C37679819FFA1820088C110 /* Autumn2.jpg in Resources */ = {isa = PBXBuildFile; fileRef = 1C37679619FFA1820088C110 /* Autumn2.jpg */; };
		1C37679919FFA1820088C110 /* Autumn3.jpg in Resources */ = {isa = PBXBuildFile; fileRef = 1C37679719FFA1820088C110 /* Autumn3.jpg */; };
		1C37679B19FFA2B20088C110 /* Autumn0.jpg in Resources */ = {isa = PBXBuildFile; fileRef = 1C37679A19FFA2B20088C110 /* Autumn0.jpg */; };
		1C38B8C319FC0C78005BE05A /* MTTWDataController.m in Sources */ = {isa = PBXBuildFile; fileRef = 1C38B8C219FC0C78005BE05A /* MTTWDataController.m */; };
		1C38B8C419FC0C78005BE05A /* MTTWDataController.m in Sources */ = {isa = PBXBuildFile; fileRef = 1C38B8C219FC0C78005BE05A /* MTTWDataController.m */; };
		1C38B8E219FC4784005BE05A /* MTTWWeatherCondition.m in Sources */ = {isa = PBXBuildFile; fileRef = 1C38B8E119FC4784005BE05A /* MTTWWeatherCondition.m */; };
		1C38B8E319FC4784005BE05A /* MTTWWeatherCondition.m in Sources */ = {isa = PBXBuildFile; fileRef = 1C38B8E119FC4784005BE05A /* MTTWWeatherCondition.m */; };
		1C38B8E619FC4785005BE05A /* MTTWRegion.m in Sources */ = {isa = PBXBuildFile; fileRef = 1C38B8E519FC4785005BE05A /* MTTWRegion.m */; };
		1C38B8E719FC4785005BE05A /* MTTWRegion.m in Sources */ = {isa = PBXBuildFile; fileRef = 1C38B8E519FC4785005BE05A /* MTTWRegion.m */; };
		1C38B8EA19FC4785005BE05A /* MTTWDailyForecast.m in Sources */ = {isa = PBXBuildFile; fileRef = 1C38B8E919FC4785005BE05A /* MTTWDailyForecast.m */; };
		1C38B8EB19FC4785005BE05A /* MTTWDailyForecast.m in Sources */ = {isa = PBXBuildFile; fileRef = 1C38B8E919FC4785005BE05A /* MTTWDailyForecast.m */; };
		1C38B8ED19FC4A8D005BE05A /* MTTWDataManagerTests.m in Sources */ = {isa = PBXBuildFile; fileRef = 1C38B8EC19FC4A8D005BE05A /* MTTWDataManagerTests.m */; };
		1C38B8F719FCD620005BE05A /* MTTWForecastSyncOperation.m in Sources */ = {isa = PBXBuildFile; fileRef = 1C38B8F619FCD620005BE05A /* MTTWForecastSyncOperation.m */; };
		1C38B8FB19FCDD24005BE05A /* MTTWObjectBuilder.m in Sources */ = {isa = PBXBuildFile; fileRef = 1C38B8FA19FCDD24005BE05A /* MTTWObjectBuilder.m */; };
		1C38B8FF19FE4EF8005BE05A /* kiev-response.json in Resources */ = {isa = PBXBuildFile; fileRef = 1C38B8FD19FE4EF8005BE05A /* kiev-response.json */; };
		1C5746AF19FE733800ABD1BA /* MTTWObjectBuilderTest.m in Sources */ = {isa = PBXBuildFile; fileRef = 1C5746AE19FE733800ABD1BA /* MTTWObjectBuilderTest.m */; };
		1C5746B219FE7C8800ABD1BA /* MTTWDataModel.xcdatamodeld in Sources */ = {isa = PBXBuildFile; fileRef = 1C5746B019FE7C8800ABD1BA /* MTTWDataModel.xcdatamodeld */; };
		1C5746B519FE7F9C00ABD1BA /* unknown-location.json in Resources */ = {isa = PBXBuildFile; fileRef = 1C5746B319FE7F9C00ABD1BA /* unknown-location.json */; };
		1C5746B919FE873E00ABD1BA /* Day.png in Resources */ = {isa = PBXBuildFile; fileRef = 1C5746B719FE873E00ABD1BA /* Day.png */; };
		1C5746BA19FE873E00ABD1BA /* Night.png in Resources */ = {isa = PBXBuildFile; fileRef = 1C5746B819FE873E00ABD1BA /* Night.png */; };
		1C5746BC19FE891F00ABD1BA /* arrow.png in Resources */ = {isa = PBXBuildFile; fileRef = 1C5746BB19FE891F00ABD1BA /* arrow.png */; };
		1C5746C219FE946500ABD1BA /* ColdTemp.png in Resources */ = {isa = PBXBuildFile; fileRef = 1C5746C019FE946500ABD1BA /* ColdTemp.png */; };
		1C5746C319FE946500ABD1BA /* HotTemp.png in Resources */ = {isa = PBXBuildFile; fileRef = 1C5746C119FE946500ABD1BA /* HotTemp.png */; };
		1C5746CF19FE9CCA00ABD1BA /* MTTWForecastTableViewCell.m in Sources */ = {isa = PBXBuildFile; fileRef = 1C5746CD19FE9CCA00ABD1BA /* MTTWForecastTableViewCell.m */; };
		1C5746D519FEA5CD00ABD1BA /* MTTWRegionListViewController.m in Sources */ = {isa = PBXBuildFile; fileRef = 1C5746D319FEA5CD00ABD1BA /* MTTWRegionListViewController.m */; };
		1CF1EFCA19FBE3CE0034BB61 /* Images.xcassets in Resources */ = {isa = PBXBuildFile; fileRef = 1CF1EFBF19FBE3CE0034BB61 /* Images.xcassets */; };
		1CF1EFCC19FBE3CE0034BB61 /* main.m in Sources */ = {isa = PBXBuildFile; fileRef = 1CF1EFC619FBE3CE0034BB61 /* main.m */; };
		1CF1EFCD19FBE3CE0034BB61 /* MTTWAppDelegate.m in Sources */ = {isa = PBXBuildFile; fileRef = 1CF1EFC819FBE3CE0034BB61 /* MTTWAppDelegate.m */; };
		1CF1EFD219FBE4860034BB61 /* MTTWRootViewController.m in Sources */ = {isa = PBXBuildFile; fileRef = 1CF1EFD019FBE4860034BB61 /* MTTWRootViewController.m */; };
		1CF1EFD619FBE4D10034BB61 /* MTTWRootViewController.xib in Resources */ = {isa = PBXBuildFile; fileRef = 1CF1EFD519FBE4D10034BB61 /* MTTWRootViewController.xib */; };
		1CF1EFDC19FBEF360034BB61 /* MTTWDetailsViewController.m in Sources */ = {isa = PBXBuildFile; fileRef = 1CF1EFDA19FBEF360034BB61 /* MTTWDetailsViewController.m */; };
		1CF1EFDF19FBEF610034BB61 /* MTTWDetailsViewController.xib in Resources */ = {isa = PBXBuildFile; fileRef = 1CF1EFDE19FBEF610034BB61 /* MTTWDetailsViewController.xib */; };
/* End PBXBuildFile section */

/* Begin PBXContainerItemProxy section */
		1CF1EFAE19FBE23A0034BB61 /* PBXContainerItemProxy */ = {
			isa = PBXContainerItemProxy;
			containerPortal = 1CF1EF8619FBE23A0034BB61 /* Project object */;
			proxyType = 1;
			remoteGlobalIDString = 1CF1EF8D19FBE23A0034BB61;
			remoteInfo = "MTT-Weather";
		};
/* End PBXContainerItemProxy section */

/* Begin PBXFileReference section */
		1C37677B19FF86F40088C110 /* MTTWRegionTableViewCell.h */ = {isa = PBXFileReference; fileEncoding = 4; lastKnownFileType = sourcecode.c.h; path = MTTWRegionTableViewCell.h; sourceTree = "<group>"; };
		1C37677C19FF86F40088C110 /* MTTWRegionTableViewCell.m */ = {isa = PBXFileReference; fileEncoding = 4; lastKnownFileType = sourcecode.c.objc; path = MTTWRegionTableViewCell.m; sourceTree = "<group>"; };
		1C37678119FF890C0088C110 /* MTTWForecastTableViewCell.xib */ = {isa = PBXFileReference; fileEncoding = 4; lastKnownFileType = file.xib; path = MTTWForecastTableViewCell.xib; sourceTree = "<group>"; };
		1C37678219FF890C0088C110 /* MTTWRegionTableViewCell.xib */ = {isa = PBXFileReference; fileEncoding = 4; lastKnownFileType = file.xib; path = MTTWRegionTableViewCell.xib; sourceTree = "<group>"; };
		1C37678619FF89490088C110 /* MTTWRegionListViewController.xib */ = {isa = PBXFileReference; fileEncoding = 4; lastKnownFileType = file.xib; path = MTTWRegionListViewController.xib; sourceTree = "<group>"; };
		1C37678919FF8CDD0088C110 /* MTTWIconImageView.h */ = {isa = PBXFileReference; fileEncoding = 4; lastKnownFileType = sourcecode.c.h; path = MTTWIconImageView.h; sourceTree = "<group>"; };
		1C37678A19FF8CDD0088C110 /* MTTWIconImageView.m */ = {isa = PBXFileReference; fileEncoding = 4; lastKnownFileType = sourcecode.c.objc; path = MTTWIconImageView.m; sourceTree = "<group>"; };
		1C37678C19FF97640088C110 /* MTTWRegionHeaderTableViewCell.h */ = {isa = PBXFileReference; fileEncoding = 4; lastKnownFileType = sourcecode.c.h; path = MTTWRegionHeaderTableViewCell.h; sourceTree = "<group>"; };
		1C37678D19FF97640088C110 /* MTTWRegionHeaderTableViewCell.m */ = {isa = PBXFileReference; fileEncoding = 4; lastKnownFileType = sourcecode.c.objc; path = MTTWRegionHeaderTableViewCell.m; sourceTree = "<group>"; };
		1C37679119FF97F50088C110 /* MTTWRegionHeaderTableViewCell.xib */ = {isa = PBXFileReference; fileEncoding = 4; lastKnownFileType = file.xib; path = MTTWRegionHeaderTableViewCell.xib; sourceTree = "<group>"; };
		1C37679419FF9BA90088C110 /* Autumn1.jpg */ = {isa = PBXFileReference; lastKnownFileType = image.jpeg; path = Autumn1.jpg; sourceTree = "<group>"; };
		1C37679619FFA1820088C110 /* Autumn2.jpg */ = {isa = PBXFileReference; lastKnownFileType = image.jpeg; path = Autumn2.jpg; sourceTree = "<group>"; };
		1C37679719FFA1820088C110 /* Autumn3.jpg */ = {isa = PBXFileReference; lastKnownFileType = image.jpeg; path = Autumn3.jpg; sourceTree = "<group>"; };
		1C37679A19FFA2B20088C110 /* Autumn0.jpg */ = {isa = PBXFileReference; lastKnownFileType = image.jpeg; path = Autumn0.jpg; sourceTree = "<group>"; };
		1C38B8C119FC0C78005BE05A /* MTTWDataController.h */ = {isa = PBXFileReference; fileEncoding = 4; lastKnownFileType = sourcecode.c.h; path = MTTWDataController.h; sourceTree = "<group>"; };
		1C38B8C219FC0C78005BE05A /* MTTWDataController.m */ = {isa = PBXFileReference; fileEncoding = 4; lastKnownFileType = sourcecode.c.objc; path = MTTWDataController.m; sourceTree = "<group>"; };
		1C38B8E019FC4784005BE05A /* MTTWWeatherCondition.h */ = {isa = PBXFileReference; fileEncoding = 4; lastKnownFileType = sourcecode.c.h; path = MTTWWeatherCondition.h; sourceTree = "<group>"; };
		1C38B8E119FC4784005BE05A /* MTTWWeatherCondition.m */ = {isa = PBXFileReference; fileEncoding = 4; lastKnownFileType = sourcecode.c.objc; path = MTTWWeatherCondition.m; sourceTree = "<group>"; };
		1C38B8E419FC4785005BE05A /* MTTWRegion.h */ = {isa = PBXFileReference; fileEncoding = 4; lastKnownFileType = sourcecode.c.h; path = MTTWRegion.h; sourceTree = "<group>"; };
		1C38B8E519FC4785005BE05A /* MTTWRegion.m */ = {isa = PBXFileReference; fileEncoding = 4; lastKnownFileType = sourcecode.c.objc; path = MTTWRegion.m; sourceTree = "<group>"; };
		1C38B8E819FC4785005BE05A /* MTTWDailyForecast.h */ = {isa = PBXFileReference; fileEncoding = 4; lastKnownFileType = sourcecode.c.h; path = MTTWDailyForecast.h; sourceTree = "<group>"; };
		1C38B8E919FC4785005BE05A /* MTTWDailyForecast.m */ = {isa = PBXFileReference; fileEncoding = 4; lastKnownFileType = sourcecode.c.objc; path = MTTWDailyForecast.m; sourceTree = "<group>"; };
		1C38B8EC19FC4A8D005BE05A /* MTTWDataManagerTests.m */ = {isa = PBXFileReference; fileEncoding = 4; lastKnownFileType = sourcecode.c.objc; path = MTTWDataManagerTests.m; sourceTree = "<group>"; };
		1C38B8F519FCD620005BE05A /* MTTWForecastSyncOperation.h */ = {isa = PBXFileReference; fileEncoding = 4; lastKnownFileType = sourcecode.c.h; path = MTTWForecastSyncOperation.h; sourceTree = "<group>"; };
		1C38B8F619FCD620005BE05A /* MTTWForecastSyncOperation.m */ = {isa = PBXFileReference; fileEncoding = 4; lastKnownFileType = sourcecode.c.objc; path = MTTWForecastSyncOperation.m; sourceTree = "<group>"; };
		1C38B8F919FCDD24005BE05A /* MTTWObjectBuilder.h */ = {isa = PBXFileReference; fileEncoding = 4; lastKnownFileType = sourcecode.c.h; path = MTTWObjectBuilder.h; sourceTree = "<group>"; };
		1C38B8FA19FCDD24005BE05A /* MTTWObjectBuilder.m */ = {isa = PBXFileReference; fileEncoding = 4; lastKnownFileType = sourcecode.c.objc; path = MTTWObjectBuilder.m; sourceTree = "<group>"; };
		1C38B8FD19FE4EF8005BE05A /* kiev-response.json */ = {isa = PBXFileReference; fileEncoding = 4; lastKnownFileType = text.json; path = "kiev-response.json"; sourceTree = "<group>"; };
		1C5746AE19FE733800ABD1BA /* MTTWObjectBuilderTest.m */ = {isa = PBXFileReference; fileEncoding = 4; lastKnownFileType = sourcecode.c.objc; path = MTTWObjectBuilderTest.m; sourceTree = "<group>"; };
		1C5746B119FE7C8800ABD1BA /* MTTWDataModel.xcdatamodel */ = {isa = PBXFileReference; lastKnownFileType = wrapper.xcdatamodel; path = MTTWDataModel.xcdatamodel; sourceTree = "<group>"; };
		1C5746B319FE7F9C00ABD1BA /* unknown-location.json */ = {isa = PBXFileReference; fileEncoding = 4; lastKnownFileType = text.json; path = "unknown-location.json"; sourceTree = "<group>"; };
		1C5746B719FE873E00ABD1BA /* Day.png */ = {isa = PBXFileReference; lastKnownFileType = image.png; path = Day.png; sourceTree = "<group>"; };
		1C5746B819FE873E00ABD1BA /* Night.png */ = {isa = PBXFileReference; lastKnownFileType = image.png; path = Night.png; sourceTree = "<group>"; };
		1C5746BB19FE891F00ABD1BA /* arrow.png */ = {isa = PBXFileReference; lastKnownFileType = image.png; path = arrow.png; sourceTree = "<group>"; };
		1C5746C019FE946500ABD1BA /* ColdTemp.png */ = {isa = PBXFileReference; lastKnownFileType = image.png; path = ColdTemp.png; sourceTree = "<group>"; };
		1C5746C119FE946500ABD1BA /* HotTemp.png */ = {isa = PBXFileReference; lastKnownFileType = image.png; path = HotTemp.png; sourceTree = "<group>"; };
		1C5746CC19FE9CCA00ABD1BA /* MTTWForecastTableViewCell.h */ = {isa = PBXFileReference; fileEncoding = 4; lastKnownFileType = sourcecode.c.h; path = MTTWForecastTableViewCell.h; sourceTree = "<group>"; };
		1C5746CD19FE9CCA00ABD1BA /* MTTWForecastTableViewCell.m */ = {isa = PBXFileReference; fileEncoding = 4; lastKnownFileType = sourcecode.c.objc; path = MTTWForecastTableViewCell.m; sourceTree = "<group>"; };
		1C5746D219FEA5CD00ABD1BA /* MTTWRegionListViewController.h */ = {isa = PBXFileReference; fileEncoding = 4; lastKnownFileType = sourcecode.c.h; path = MTTWRegionListViewController.h; sourceTree = "<group>"; };
		1C5746D319FEA5CD00ABD1BA /* MTTWRegionListViewController.m */ = {isa = PBXFileReference; fileEncoding = 4; lastKnownFileType = sourcecode.c.objc; path = MTTWRegionListViewController.m; sourceTree = "<group>"; };
		1CF1EF8E19FBE23A0034BB61 /* MTT-Weather.app */ = {isa = PBXFileReference; explicitFileType = wrapper.application; includeInIndex = 0; path = "MTT-Weather.app"; sourceTree = BUILT_PRODUCTS_DIR; };
		1CF1EFAD19FBE23A0034BB61 /* MTT-WeatherTests.xctest */ = {isa = PBXFileReference; explicitFileType = wrapper.cfbundle; includeInIndex = 0; path = "MTT-WeatherTests.xctest"; sourceTree = BUILT_PRODUCTS_DIR; };
		1CF1EFB219FBE23A0034BB61 /* Info.plist */ = {isa = PBXFileReference; lastKnownFileType = text.plist.xml; path = Info.plist; sourceTree = "<group>"; };
		1CF1EFBF19FBE3CE0034BB61 /* Images.xcassets */ = {isa = PBXFileReference; lastKnownFileType = folder.assetcatalog; path = Images.xcassets; sourceTree = "<group>"; };
		1CF1EFC319FBE3CE0034BB61 /* Info.plist */ = {isa = PBXFileReference; fileEncoding = 4; lastKnownFileType = text.plist.xml; path = Info.plist; sourceTree = "<group>"; };
		1CF1EFC619FBE3CE0034BB61 /* main.m */ = {isa = PBXFileReference; fileEncoding = 4; lastKnownFileType = sourcecode.c.objc; path = main.m; sourceTree = "<group>"; };
		1CF1EFC719FBE3CE0034BB61 /* MTTWAppDelegate.h */ = {isa = PBXFileReference; fileEncoding = 4; lastKnownFileType = sourcecode.c.h; path = MTTWAppDelegate.h; sourceTree = "<group>"; };
		1CF1EFC819FBE3CE0034BB61 /* MTTWAppDelegate.m */ = {isa = PBXFileReference; fileEncoding = 4; lastKnownFileType = sourcecode.c.objc; path = MTTWAppDelegate.m; sourceTree = "<group>"; };
		1CF1EFCF19FBE4860034BB61 /* MTTWRootViewController.h */ = {isa = PBXFileReference; fileEncoding = 4; lastKnownFileType = sourcecode.c.h; path = MTTWRootViewController.h; sourceTree = "<group>"; };
		1CF1EFD019FBE4860034BB61 /* MTTWRootViewController.m */ = {isa = PBXFileReference; fileEncoding = 4; lastKnownFileType = sourcecode.c.objc; path = MTTWRootViewController.m; sourceTree = "<group>"; };
		1CF1EFD519FBE4D10034BB61 /* MTTWRootViewController.xib */ = {isa = PBXFileReference; fileEncoding = 4; lastKnownFileType = file.xib; path = MTTWRootViewController.xib; sourceTree = "<group>"; };
		1CF1EFD919FBEF360034BB61 /* MTTWDetailsViewController.h */ = {isa = PBXFileReference; fileEncoding = 4; lastKnownFileType = sourcecode.c.h; path = MTTWDetailsViewController.h; sourceTree = "<group>"; };
		1CF1EFDA19FBEF360034BB61 /* MTTWDetailsViewController.m */ = {isa = PBXFileReference; fileEncoding = 4; lastKnownFileType = sourcecode.c.objc; path = MTTWDetailsViewController.m; sourceTree = "<group>"; };
		1CF1EFDE19FBEF610034BB61 /* MTTWDetailsViewController.xib */ = {isa = PBXFileReference; fileEncoding = 4; lastKnownFileType = file.xib; path = MTTWDetailsViewController.xib; sourceTree = "<group>"; };
/* End PBXFileReference section */

/* Begin PBXFrameworksBuildPhase section */
		1CF1EF8B19FBE23A0034BB61 /* Frameworks */ = {
			isa = PBXFrameworksBuildPhase;
			buildActionMask = 2147483647;
			files = (
			);
			runOnlyForDeploymentPostprocessing = 0;
		};
		1CF1EFAA19FBE23A0034BB61 /* Frameworks */ = {
			isa = PBXFrameworksBuildPhase;
			buildActionMask = 2147483647;
			files = (
			);
			runOnlyForDeploymentPostprocessing = 0;
		};
/* End PBXFrameworksBuildPhase section */

/* Begin PBXGroup section */
		1C37678019FF890C0088C110 /* Cells */ = {
			isa = PBXGroup;
			children = (
				1C37679119FF97F50088C110 /* MTTWRegionHeaderTableViewCell.xib */,
				1C37678119FF890C0088C110 /* MTTWForecastTableViewCell.xib */,
				1C37678219FF890C0088C110 /* MTTWRegionTableViewCell.xib */,
			);
			path = Cells;
			sourceTree = "<group>";
		};
		1C37678519FF89490088C110 /* RegionListTableView */ = {
			isa = PBXGroup;
			children = (
				1C37678619FF89490088C110 /* MTTWRegionListViewController.xib */,
			);
			path = RegionListTableView;
			sourceTree = "<group>";
		};
		1C37678819FF8CA10088C110 /* Views */ = {
			isa = PBXGroup;
			children = (
				1C37678919FF8CDD0088C110 /* MTTWIconImageView.h */,
				1C37678A19FF8CDD0088C110 /* MTTWIconImageView.m */,
			);
			path = Views;
			sourceTree = "<group>";
		};
		1C37679319FF9BA90088C110 /* Autumn */ = {
			isa = PBXGroup;
			children = (
				1C37679A19FFA2B20088C110 /* Autumn0.jpg */,
				1C37679619FFA1820088C110 /* Autumn2.jpg */,
				1C37679719FFA1820088C110 /* Autumn3.jpg */,
				1C37679419FF9BA90088C110 /* Autumn1.jpg */,
			);
			path = Autumn;
			sourceTree = "<group>";
		};
		1C38B8BB19FC0BD3005BE05A /* DOM */ = {
			isa = PBXGroup;
			children = (
				1C5746B019FE7C8800ABD1BA /* MTTWDataModel.xcdatamodeld */,
				1C38B8C019FC0C32005BE05A /* ManagedObjects */,
				1C38B8C119FC0C78005BE05A /* MTTWDataController.h */,
				1C38B8C219FC0C78005BE05A /* MTTWDataController.m */,
			);
			path = DOM;
			sourceTree = "<group>";
		};
		1C38B8C019FC0C32005BE05A /* ManagedObjects */ = {
			isa = PBXGroup;
			children = (
				1C38B8E819FC4785005BE05A /* MTTWDailyForecast.h */,
				1C38B8E919FC4785005BE05A /* MTTWDailyForecast.m */,
				1C38B8E419FC4785005BE05A /* MTTWRegion.h */,
				1C38B8E519FC4785005BE05A /* MTTWRegion.m */,
				1C38B8E019FC4784005BE05A /* MTTWWeatherCondition.h */,
				1C38B8E119FC4784005BE05A /* MTTWWeatherCondition.m */,
			);
			path = ManagedObjects;
			sourceTree = "<group>";
		};
		1C38B8F419FCD606005BE05A /* Sync */ = {
			isa = PBXGroup;
			children = (
				1C38B8F519FCD620005BE05A /* MTTWForecastSyncOperation.h */,
				1C38B8F619FCD620005BE05A /* MTTWForecastSyncOperation.m */,
				1C38B8F919FCDD24005BE05A /* MTTWObjectBuilder.h */,
				1C38B8FA19FCDD24005BE05A /* MTTWObjectBuilder.m */,
			);
			path = Sync;
			sourceTree = "<group>";
		};
		1C38B8FC19FE4EAB005BE05A /* Mocks */ = {
			isa = PBXGroup;
			children = (
				1C38B8FD19FE4EF8005BE05A /* kiev-response.json */,
				1C5746B319FE7F9C00ABD1BA /* unknown-location.json */,
			);
			path = Mocks;
			sourceTree = "<group>";
		};
		1C5746CB19FE9C9900ABD1BA /* Cells */ = {
			isa = PBXGroup;
			children = (
				1C5746CC19FE9CCA00ABD1BA /* MTTWForecastTableViewCell.h */,
				1C5746CD19FE9CCA00ABD1BA /* MTTWForecastTableViewCell.m */,
				1C37677B19FF86F40088C110 /* MTTWRegionTableViewCell.h */,
				1C37677C19FF86F40088C110 /* MTTWRegionTableViewCell.m */,
				1C37678C19FF97640088C110 /* MTTWRegionHeaderTableViewCell.h */,
				1C37678D19FF97640088C110 /* MTTWRegionHeaderTableViewCell.m */,
			);
			path = Cells;
			sourceTree = "<group>";
		};
		1C5746D119FEA58D00ABD1BA /* RegionListTableView */ = {
			isa = PBXGroup;
			children = (
				1C5746D219FEA5CD00ABD1BA /* MTTWRegionListViewController.h */,
				1C5746D319FEA5CD00ABD1BA /* MTTWRegionListViewController.m */,
			);
			path = RegionListTableView;
			sourceTree = "<group>";
		};
		1CF1EF8519FBE23A0034BB61 = {
			isa = PBXGroup;
			children = (
				1CF1EF9019FBE23A0034BB61 /* MTT-Weather */,
				1CF1EFB019FBE23A0034BB61 /* MTT-WeatherTests */,
				1CF1EF8F19FBE23A0034BB61 /* Products */,
			);
			sourceTree = "<group>";
		};
		1CF1EF8F19FBE23A0034BB61 /* Products */ = {
			isa = PBXGroup;
			children = (
				1CF1EF8E19FBE23A0034BB61 /* MTT-Weather.app */,
				1CF1EFAD19FBE23A0034BB61 /* MTT-WeatherTests.xctest */,
			);
			name = Products;
			sourceTree = "<group>";
		};
		1CF1EF9019FBE23A0034BB61 /* MTT-Weather */ = {
			isa = PBXGroup;
			children = (
				1CF1EFBD19FBE3CE0034BB61 /* Resources */,
				1CF1EFC419FBE3CE0034BB61 /* Sources */,
			);
			path = "MTT-Weather";
			sourceTree = "<group>";
		};
		1CF1EFB019FBE23A0034BB61 /* MTT-WeatherTests */ = {
			isa = PBXGroup;
			children = (
				1C38B8FC19FE4EAB005BE05A /* Mocks */,
				1CF1EFB119FBE23A0034BB61 /* Supporting Files */,
				1C38B8EC19FC4A8D005BE05A /* MTTWDataManagerTests.m */,
				1C5746AE19FE733800ABD1BA /* MTTWObjectBuilderTest.m */,
			);
			path = "MTT-WeatherTests";
			sourceTree = "<group>";
		};
		1CF1EFB119FBE23A0034BB61 /* Supporting Files */ = {
			isa = PBXGroup;
			children = (
				1CF1EFB219FBE23A0034BB61 /* Info.plist */,
			);
			name = "Supporting Files";
			sourceTree = "<group>";
		};
		1CF1EFBD19FBE3CE0034BB61 /* Resources */ = {
			isa = PBXGroup;
			children = (
				1CF1EFBE19FBE3CE0034BB61 /* Images */,
				1CF1EFC019FBE3CE0034BB61 /* NIBs */,
				1CF1EFC219FBE3CE0034BB61 /* plists */,
			);
			path = Resources;
			sourceTree = "<group>";
		};
		1CF1EFBE19FBE3CE0034BB61 /* Images */ = {
			isa = PBXGroup;
			children = (
				1C37679319FF9BA90088C110 /* Autumn */,
				1C5746C019FE946500ABD1BA /* ColdTemp.png */,
				1C5746C119FE946500ABD1BA /* HotTemp.png */,
				1C5746BB19FE891F00ABD1BA /* arrow.png */,
				1C5746B719FE873E00ABD1BA /* Day.png */,
				1C5746B819FE873E00ABD1BA /* Night.png */,
				1CF1EFBF19FBE3CE0034BB61 /* Images.xcassets */,
			);
			path = Images;
			sourceTree = "<group>";
		};
		1CF1EFC019FBE3CE0034BB61 /* NIBs */ = {
			isa = PBXGroup;
			children = (
				1C37678019FF890C0088C110 /* Cells */,
				1CF1EFC119FBE3CE0034BB61 /* Screens */,
			);
			path = NIBs;
			sourceTree = "<group>";
		};
		1CF1EFC119FBE3CE0034BB61 /* Screens */ = {
			isa = PBXGroup;
			children = (
				1C37678519FF89490088C110 /* RegionListTableView */,
				1CF1EFD819FBEEFA0034BB61 /* DetailsViewController */,
				1CF1EFD419FBE4D10034BB61 /* RootViewController */,
			);
			path = Screens;
			sourceTree = "<group>";
		};
		1CF1EFC219FBE3CE0034BB61 /* plists */ = {
			isa = PBXGroup;
			children = (
				1CF1EFC319FBE3CE0034BB61 /* Info.plist */,
			);
			path = plists;
			sourceTree = "<group>";
		};
		1CF1EFC419FBE3CE0034BB61 /* Sources */ = {
			isa = PBXGroup;
			children = (
				1C37678819FF8CA10088C110 /* Views */,
				1C5746CB19FE9C9900ABD1BA /* Cells */,
				1C38B8F419FCD606005BE05A /* Sync */,
				1C38B8BB19FC0BD3005BE05A /* DOM */,
				1CF1EFC519FBE3CE0034BB61 /* General */,
				1CF1EFC919FBE3CE0034BB61 /* Screens */,
			);
			path = Sources;
			sourceTree = "<group>";
		};
		1CF1EFC519FBE3CE0034BB61 /* General */ = {
			isa = PBXGroup;
			children = (
				1CF1EFC619FBE3CE0034BB61 /* main.m */,
				1CF1EFC719FBE3CE0034BB61 /* MTTWAppDelegate.h */,
				1CF1EFC819FBE3CE0034BB61 /* MTTWAppDelegate.m */,
			);
			path = General;
			sourceTree = "<group>";
		};
		1CF1EFC919FBE3CE0034BB61 /* Screens */ = {
			isa = PBXGroup;
			children = (
				1C5746D119FEA58D00ABD1BA /* RegionListTableView */,
				1CF1EFD719FBEEB20034BB61 /* DetailsViewController */,
				1CF1EFCE19FBE4520034BB61 /* RootViewController */,
			);
			path = Screens;
			sourceTree = "<group>";
		};
		1CF1EFCE19FBE4520034BB61 /* RootViewController */ = {
			isa = PBXGroup;
			children = (
				1CF1EFCF19FBE4860034BB61 /* MTTWRootViewController.h */,
				1CF1EFD019FBE4860034BB61 /* MTTWRootViewController.m */,
			);
			path = RootViewController;
			sourceTree = "<group>";
		};
		1CF1EFD419FBE4D10034BB61 /* RootViewController */ = {
			isa = PBXGroup;
			children = (
				1CF1EFD519FBE4D10034BB61 /* MTTWRootViewController.xib */,
			);
			path = RootViewController;
			sourceTree = "<group>";
		};
		1CF1EFD719FBEEB20034BB61 /* DetailsViewController */ = {
			isa = PBXGroup;
			children = (
				1CF1EFD919FBEF360034BB61 /* MTTWDetailsViewController.h */,
				1CF1EFDA19FBEF360034BB61 /* MTTWDetailsViewController.m */,
			);
			path = DetailsViewController;
			sourceTree = "<group>";
		};
		1CF1EFD819FBEEFA0034BB61 /* DetailsViewController */ = {
			isa = PBXGroup;
			children = (
				1CF1EFDE19FBEF610034BB61 /* MTTWDetailsViewController.xib */,
			);
			path = DetailsViewController;
			sourceTree = "<group>";
		};
/* End PBXGroup section */

/* Begin PBXNativeTarget section */
		1CF1EF8D19FBE23A0034BB61 /* MTT-Weather */ = {
			isa = PBXNativeTarget;
			buildConfigurationList = 1CF1EFB719FBE23A0034BB61 /* Build configuration list for PBXNativeTarget "MTT-Weather" */;
			buildPhases = (
				1CF1EF8A19FBE23A0034BB61 /* Sources */,
				1CF1EF8B19FBE23A0034BB61 /* Frameworks */,
				1CF1EF8C19FBE23A0034BB61 /* Resources */,
			);
			buildRules = (
			);
			dependencies = (
			);
			name = "MTT-Weather";
			productName = "MTT-Weather";
			productReference = 1CF1EF8E19FBE23A0034BB61 /* MTT-Weather.app */;
			productType = "com.apple.product-type.application";
		};
		1CF1EFAC19FBE23A0034BB61 /* MTT-WeatherTests */ = {
			isa = PBXNativeTarget;
			buildConfigurationList = 1CF1EFBA19FBE23A0034BB61 /* Build configuration list for PBXNativeTarget "MTT-WeatherTests" */;
			buildPhases = (
				1CF1EFA919FBE23A0034BB61 /* Sources */,
				1CF1EFAA19FBE23A0034BB61 /* Frameworks */,
				1CF1EFAB19FBE23A0034BB61 /* Resources */,
			);
			buildRules = (
			);
			dependencies = (
				1CF1EFAF19FBE23A0034BB61 /* PBXTargetDependency */,
			);
			name = "MTT-WeatherTests";
			productName = "MTT-WeatherTests";
			productReference = 1CF1EFAD19FBE23A0034BB61 /* MTT-WeatherTests.xctest */;
			productType = "com.apple.product-type.bundle.unit-test";
		};
/* End PBXNativeTarget section */

/* Begin PBXProject section */
		1CF1EF8619FBE23A0034BB61 /* Project object */ = {
			isa = PBXProject;
			attributes = {
				CLASSPREFIX = MTTW;
				LastUpgradeCheck = 0600;
				ORGANIZATIONNAME = MTT;
				TargetAttributes = {
					1CF1EF8D19FBE23A0034BB61 = {
						CreatedOnToolsVersion = 6.0.1;
					};
					1CF1EFAC19FBE23A0034BB61 = {
						CreatedOnToolsVersion = 6.0.1;
						TestTargetID = 1CF1EF8D19FBE23A0034BB61;
					};
				};
			};
			buildConfigurationList = 1CF1EF8919FBE23A0034BB61 /* Build configuration list for PBXProject "MTT-Weather" */;
			compatibilityVersion = "Xcode 3.2";
			developmentRegion = English;
			hasScannedForEncodings = 0;
			knownRegions = (
				en,
				Base,
			);
			mainGroup = 1CF1EF8519FBE23A0034BB61;
			productRefGroup = 1CF1EF8F19FBE23A0034BB61 /* Products */;
			projectDirPath = "";
			projectRoot = "";
			targets = (
				1CF1EF8D19FBE23A0034BB61 /* MTT-Weather */,
				1CF1EFAC19FBE23A0034BB61 /* MTT-WeatherTests */,
			);
		};
/* End PBXProject section */

/* Begin PBXResourcesBuildPhase section */
		1CF1EF8C19FBE23A0034BB61 /* Resources */ = {
			isa = PBXResourcesBuildPhase;
			buildActionMask = 2147483647;
			files = (
				1C5746BA19FE873E00ABD1BA /* Night.png in Resources */,
				1C5746C219FE946500ABD1BA /* ColdTemp.png in Resources */,
				1C37679519FF9BA90088C110 /* Autumn1.jpg in Resources */,
				1C5746BC19FE891F00ABD1BA /* arrow.png in Resources */,
				1C37679B19FFA2B20088C110 /* Autumn0.jpg in Resources */,
				1C5746B919FE873E00ABD1BA /* Day.png in Resources */,
				1C37678719FF89490088C110 /* MTTWRegionListViewController.xib in Resources */,
				1C37679819FFA1820088C110 /* Autumn2.jpg in Resources */,
				1C37679919FFA1820088C110 /* Autumn3.jpg in Resources */,
				1CF1EFD619FBE4D10034BB61 /* MTTWRootViewController.xib in Resources */,
				1CF1EFCA19FBE3CE0034BB61 /* Images.xcassets in Resources */,
				1CF1EFDF19FBEF610034BB61 /* MTTWDetailsViewController.xib in Resources */,
				1C37678419FF890C0088C110 /* MTTWRegionTableViewCell.xib in Resources */,
				1C37679219FF97F50088C110 /* MTTWRegionHeaderTableViewCell.xib in Resources */,
				1C37678319FF890C0088C110 /* MTTWForecastTableViewCell.xib in Resources */,
				1C5746C319FE946500ABD1BA /* HotTemp.png in Resources */,
			);
			runOnlyForDeploymentPostprocessing = 0;
		};
		1CF1EFAB19FBE23A0034BB61 /* Resources */ = {
			isa = PBXResourcesBuildPhase;
			buildActionMask = 2147483647;
			files = (
				1C38B8FF19FE4EF8005BE05A /* kiev-response.json in Resources */,
				1C5746B519FE7F9C00ABD1BA /* unknown-location.json in Resources */,
			);
			runOnlyForDeploymentPostprocessing = 0;
		};
/* End PBXResourcesBuildPhase section */

/* Begin PBXSourcesBuildPhase section */
		1CF1EF8A19FBE23A0034BB61 /* Sources */ = {
			isa = PBXSourcesBuildPhase;
			buildActionMask = 2147483647;
			files = (
				1C38B8E219FC4784005BE05A /* MTTWWeatherCondition.m in Sources */,
				1C37677E19FF86F40088C110 /* MTTWRegionTableViewCell.m in Sources */,
				1CF1EFD219FBE4860034BB61 /* MTTWRootViewController.m in Sources */,
				1C38B8F719FCD620005BE05A /* MTTWForecastSyncOperation.m in Sources */,
				1C37678B19FF8CDD0088C110 /* MTTWIconImageView.m in Sources */,
				1C38B8FB19FCDD24005BE05A /* MTTWObjectBuilder.m in Sources */,
				1C37678F19FF97640088C110 /* MTTWRegionHeaderTableViewCell.m in Sources */,
				1C38B8EA19FC4785005BE05A /* MTTWDailyForecast.m in Sources */,
				1CF1EFCD19FBE3CE0034BB61 /* MTTWAppDelegate.m in Sources */,
				1C38B8C319FC0C78005BE05A /* MTTWDataController.m in Sources */,
				1C5746D519FEA5CD00ABD1BA /* MTTWRegionListViewController.m in Sources */,
				1C5746B219FE7C8800ABD1BA /* MTTWDataModel.xcdatamodeld in Sources */,
				1C5746CF19FE9CCA00ABD1BA /* MTTWForecastTableViewCell.m in Sources */,
				1CF1EFCC19FBE3CE0034BB61 /* main.m in Sources */,
				1CF1EFDC19FBEF360034BB61 /* MTTWDetailsViewController.m in Sources */,
				1C38B8E619FC4785005BE05A /* MTTWRegion.m in Sources */,
			);
			runOnlyForDeploymentPostprocessing = 0;
		};
		1CF1EFA919FBE23A0034BB61 /* Sources */ = {
			isa = PBXSourcesBuildPhase;
			buildActionMask = 2147483647;
			files = (
				1C38B8EB19FC4785005BE05A /* MTTWDailyForecast.m in Sources */,
				1C38B8E319FC4784005BE05A /* MTTWWeatherCondition.m in Sources */,
				1C38B8C419FC0C78005BE05A /* MTTWDataController.m in Sources */,
				1C5746AF19FE733800ABD1BA /* MTTWObjectBuilderTest.m in Sources */,
				1C38B8ED19FC4A8D005BE05A /* MTTWDataManagerTests.m in Sources */,
				1C38B8E719FC4785005BE05A /* MTTWRegion.m in Sources */,
			);
			runOnlyForDeploymentPostprocessing = 0;
		};
/* End PBXSourcesBuildPhase section */

/* Begin PBXTargetDependency section */
		1CF1EFAF19FBE23A0034BB61 /* PBXTargetDependency */ = {
			isa = PBXTargetDependency;
			target = 1CF1EF8D19FBE23A0034BB61 /* MTT-Weather */;
			targetProxy = 1CF1EFAE19FBE23A0034BB61 /* PBXContainerItemProxy */;
		};
/* End PBXTargetDependency section */

/* Begin XCBuildConfiguration section */
		1CF1EFB519FBE23A0034BB61 /* Debug */ = {
			isa = XCBuildConfiguration;
			buildSettings = {
				ALWAYS_SEARCH_USER_PATHS = NO;
				CLANG_CXX_LANGUAGE_STANDARD = "gnu++0x";
				CLANG_CXX_LIBRARY = "libc++";
				CLANG_ENABLE_MODULES = YES;
				CLANG_ENABLE_OBJC_ARC = YES;
				CLANG_WARN_BOOL_CONVERSION = YES;
				CLANG_WARN_CONSTANT_CONVERSION = YES;
				CLANG_WARN_DIRECT_OBJC_ISA_USAGE = YES_ERROR;
				CLANG_WARN_EMPTY_BODY = YES;
				CLANG_WARN_ENUM_CONVERSION = YES;
				CLANG_WARN_INT_CONVERSION = YES;
				CLANG_WARN_OBJC_ROOT_CLASS = YES_ERROR;
				CLANG_WARN_UNREACHABLE_CODE = YES;
				CLANG_WARN__DUPLICATE_METHOD_MATCH = YES;
				"CODE_SIGN_IDENTITY[sdk=iphoneos*]" = "iPhone Developer";
				COPY_PHASE_STRIP = NO;
				ENABLE_STRICT_OBJC_MSGSEND = YES;
				GCC_C_LANGUAGE_STANDARD = gnu99;
				GCC_DYNAMIC_NO_PIC = NO;
				GCC_OPTIMIZATION_LEVEL = 0;
				GCC_PREPROCESSOR_DEFINITIONS = (
					"DEBUG=1",
					"$(inherited)",
				);
				GCC_SYMBOLS_PRIVATE_EXTERN = NO;
				GCC_WARN_64_TO_32_BIT_CONVERSION = YES;
				GCC_WARN_ABOUT_RETURN_TYPE = YES_ERROR;
				GCC_WARN_UNDECLARED_SELECTOR = YES;
				GCC_WARN_UNINITIALIZED_AUTOS = YES_AGGRESSIVE;
				GCC_WARN_UNUSED_FUNCTION = YES;
				GCC_WARN_UNUSED_VARIABLE = YES;
				IPHONEOS_DEPLOYMENT_TARGET = 8.0;
				MTL_ENABLE_DEBUG_INFO = YES;
				ONLY_ACTIVE_ARCH = YES;
				SDKROOT = iphoneos;
			};
			name = Debug;
		};
		1CF1EFB619FBE23A0034BB61 /* Release */ = {
			isa = XCBuildConfiguration;
			buildSettings = {
				ALWAYS_SEARCH_USER_PATHS = NO;
				CLANG_CXX_LANGUAGE_STANDARD = "gnu++0x";
				CLANG_CXX_LIBRARY = "libc++";
				CLANG_ENABLE_MODULES = YES;
				CLANG_ENABLE_OBJC_ARC = YES;
				CLANG_WARN_BOOL_CONVERSION = YES;
				CLANG_WARN_CONSTANT_CONVERSION = YES;
				CLANG_WARN_DIRECT_OBJC_ISA_USAGE = YES_ERROR;
				CLANG_WARN_EMPTY_BODY = YES;
				CLANG_WARN_ENUM_CONVERSION = YES;
				CLANG_WARN_INT_CONVERSION = YES;
				CLANG_WARN_OBJC_ROOT_CLASS = YES_ERROR;
				CLANG_WARN_UNREACHABLE_CODE = YES;
				CLANG_WARN__DUPLICATE_METHOD_MATCH = YES;
				"CODE_SIGN_IDENTITY[sdk=iphoneos*]" = "iPhone Developer";
				COPY_PHASE_STRIP = YES;
				ENABLE_NS_ASSERTIONS = NO;
				ENABLE_STRICT_OBJC_MSGSEND = YES;
				GCC_C_LANGUAGE_STANDARD = gnu99;
				GCC_WARN_64_TO_32_BIT_CONVERSION = YES;
				GCC_WARN_ABOUT_RETURN_TYPE = YES_ERROR;
				GCC_WARN_UNDECLARED_SELECTOR = YES;
				GCC_WARN_UNINITIALIZED_AUTOS = YES_AGGRESSIVE;
				GCC_WARN_UNUSED_FUNCTION = YES;
				GCC_WARN_UNUSED_VARIABLE = YES;
				IPHONEOS_DEPLOYMENT_TARGET = 8.0;
				MTL_ENABLE_DEBUG_INFO = NO;
				SDKROOT = iphoneos;
				VALIDATE_PRODUCT = YES;
			};
			name = Release;
		};
		1CF1EFB819FBE23A0034BB61 /* Debug */ = {
			isa = XCBuildConfiguration;
			buildSettings = {
				ASSETCATALOG_COMPILER_APPICON_NAME = AppIcon;
				ASSETCATALOG_COMPILER_LAUNCHIMAGE_NAME = LaunchImage;
				INFOPLIST_FILE = "$(SRCROOT)/MTT-Weather/Resources/plists/Info.plist";
				LD_RUNPATH_SEARCH_PATHS = "$(inherited) @executable_path/Frameworks";
				PRODUCT_NAME = "$(TARGET_NAME)";
			};
			name = Debug;
		};
		1CF1EFB919FBE23A0034BB61 /* Release */ = {
			isa = XCBuildConfiguration;
			buildSettings = {
				ASSETCATALOG_COMPILER_APPICON_NAME = AppIcon;
				ASSETCATALOG_COMPILER_LAUNCHIMAGE_NAME = LaunchImage;
				INFOPLIST_FILE = "$(SRCROOT)/MTT-Weather/Resources/plists/Info.plist";
				LD_RUNPATH_SEARCH_PATHS = "$(inherited) @executable_path/Frameworks";
				PRODUCT_NAME = "$(TARGET_NAME)";
			};
			name = Release;
		};
		1CF1EFBB19FBE23A0034BB61 /* Debug */ = {
			isa = XCBuildConfiguration;
			buildSettings = {
				BUNDLE_LOADER = "$(TEST_HOST)";
				FRAMEWORK_SEARCH_PATHS = (
					"$(SDKROOT)/Developer/Library/Frameworks",
					"$(inherited)",
				);
				GCC_PREPROCESSOR_DEFINITIONS = (
					"DEBUG=1",
					"$(inherited)",
				);
				HEADER_SEARCH_PATHS = (
					"$(inherited)",
					/Applications/Xcode.app/Contents/Developer/Toolchains/XcodeDefault.xctoolchain/usr/include,
					"$(PROJECT_DIR)/MTT-WeatherTests/OCMock/**",
					"$(PROJECT_DIR)/**",
				);
				INFOPLIST_FILE = "MTT-WeatherTests/Info.plist";
				LD_RUNPATH_SEARCH_PATHS = "$(inherited) @executable_path/Frameworks @loader_path/Frameworks";
				LIBRARY_SEARCH_PATHS = (
					"$(inherited)",
					"$(PROJECT_DIR)/MTT-WeatherTests/OCMock",
				);
				PRODUCT_NAME = "$(TARGET_NAME)";
				TEST_HOST = "$(BUILT_PRODUCTS_DIR)/MTT-Weather.app/MTT-Weather";
			};
			name = Debug;
		};
		1CF1EFBC19FBE23A0034BB61 /* Release */ = {
			isa = XCBuildConfiguration;
			buildSettings = {
				BUNDLE_LOADER = "$(TEST_HOST)";
				FRAMEWORK_SEARCH_PATHS = (
					"$(SDKROOT)/Developer/Library/Frameworks",
					"$(inherited)",
				);
				HEADER_SEARCH_PATHS = (
					"$(inherited)",
					/Applications/Xcode.app/Contents/Developer/Toolchains/XcodeDefault.xctoolchain/usr/include,
					"$(PROJECT_DIR)/MTT-WeatherTests/OCMock/**",
					"$(PROJECT_DIR)/**",
				);
				INFOPLIST_FILE = "MTT-WeatherTests/Info.plist";
				LD_RUNPATH_SEARCH_PATHS = "$(inherited) @executable_path/Frameworks @loader_path/Frameworks";
				LIBRARY_SEARCH_PATHS = (
					"$(inherited)",
					"$(PROJECT_DIR)/MTT-WeatherTests/OCMock",
				);
				PRODUCT_NAME = "$(TARGET_NAME)";
				TEST_HOST = "$(BUILT_PRODUCTS_DIR)/MTT-Weather.app/MTT-Weather";
			};
			name = Release;
		};
/* End XCBuildConfiguration section */

/* Begin XCConfigurationList section */
		1CF1EF8919FBE23A0034BB61 /* Build configuration list for PBXProject "MTT-Weather" */ = {
			isa = XCConfigurationList;
			buildConfigurations = (
				1CF1EFB519FBE23A0034BB61 /* Debug */,
				1CF1EFB619FBE23A0034BB61 /* Release */,
			);
			defaultConfigurationIsVisible = 0;
			defaultConfigurationName = Release;
		};
		1CF1EFB719FBE23A0034BB61 /* Build configuration list for PBXNativeTarget "MTT-Weather" */ = {
			isa = XCConfigurationList;
			buildConfigurations = (
				1CF1EFB819FBE23A0034BB61 /* Debug */,
				1CF1EFB919FBE23A0034BB61 /* Release */,
			);
			defaultConfigurationIsVisible = 0;
			defaultConfigurationName = Release;
		};
		1CF1EFBA19FBE23A0034BB61 /* Build configuration list for PBXNativeTarget "MTT-WeatherTests" */ = {
			isa = XCConfigurationList;
			buildConfigurations = (
				1CF1EFBB19FBE23A0034BB61 /* Debug */,
				1CF1EFBC19FBE23A0034BB61 /* Release */,
			);
			defaultConfigurationIsVisible = 0;
			defaultConfigurationName = Release;
		};
/* End XCConfigurationList section */

/* Begin XCVersionGroup section */
		1C5746B019FE7C8800ABD1BA /* MTTWDataModel.xcdatamodeld */ = {
			isa = XCVersionGroup;
			children = (
				1C5746B119FE7C8800ABD1BA /* MTTWDataModel.xcdatamodel */,
			);
			currentVersion = 1C5746B119FE7C8800ABD1BA /* MTTWDataModel.xcdatamodel */;
			path = MTTWDataModel.xcdatamodeld;
			sourceTree = "<group>";
			versionGroupType = wrapper.xcdatamodel;
		};
/* End XCVersionGroup section */
	};
	rootObject = 1CF1EF8619FBE23A0034BB61 /* Project object */;
}
